// !$*UTF8*$!
{
	archiveVersion = 1;
	classes = {
	};
	objectVersion = 50;
	objects = {

/* Begin PBXBuildFile section */
		8B0DBB4D212DD24E00D95D2B /* Question.swift in Sources */ = {isa = PBXBuildFile; fileRef = 8B0DBB4C212DD24E00D95D2B /* Question.swift */; };
		8B0DBB4F212DD77800D95D2B /* QuestionBank.swift in Sources */ = {isa = PBXBuildFile; fileRef = 8B0DBB4E212DD77800D95D2B /* QuestionBank.swift */; };
		8B0DBB51212DD79000D95D2B /* Default-568h@2x.png in Resources */ = {isa = PBXBuildFile; fileRef = 8B0DBB50212DD79000D95D2B /* Default-568h@2x.png */; };
		8B153B962138771000A2D736 /* ChooseViewController.swift in Sources */ = {isa = PBXBuildFile; fileRef = 8B153B952138771000A2D736 /* ChooseViewController.swift */; };
		8B2BAD062129A7F70050AF17 /* AppDelegate.swift in Sources */ = {isa = PBXBuildFile; fileRef = 8B2BAD052129A7F70050AF17 /* AppDelegate.swift */; };
		8B2BAD082129A7F70050AF17 /* ViewController.swift in Sources */ = {isa = PBXBuildFile; fileRef = 8B2BAD072129A7F70050AF17 /* ViewController.swift */; };
		8B2BAD0B2129A7F70050AF17 /* Main.storyboard in Resources */ = {isa = PBXBuildFile; fileRef = 8B2BAD092129A7F70050AF17 /* Main.storyboard */; };
		8B2BAD102129A7F80050AF17 /* LaunchScreen.storyboard in Resources */ = {isa = PBXBuildFile; fileRef = 8B2BAD0E2129A7F80050AF17 /* LaunchScreen.storyboard */; };
		8B4B7141213D475B00EA79E3 /* ReviewViewController.swift in Sources */ = {isa = PBXBuildFile; fileRef = 8B4B7140213D475B00EA79E3 /* ReviewViewController.swift */; };
		8BA0B1B3225CC81F002681EC /* Correct.mp3 in Resources */ = {isa = PBXBuildFile; fileRef = 8BA0B1B1225CC81F002681EC /* Correct.mp3 */; };
		8BA0B1B4225CC81F002681EC /* Incorrect.mp3 in Resources */ = {isa = PBXBuildFile; fileRef = 8BA0B1B2225CC81F002681EC /* Incorrect.mp3 */; };
		8BC382C7212E906D00E07B14 /* Answer.swift in Sources */ = {isa = PBXBuildFile; fileRef = 8BC382C6212E906D00E07B14 /* Answer.swift */; };
		8BC382C9212E921E00E07B14 /* AnswerBank.swift in Sources */ = {isa = PBXBuildFile; fileRef = 8BC382C8212E921E00E07B14 /* AnswerBank.swift */; };
		8BD0FBB321328FEC00F50734 /* ProgressHUD.m in Sources */ = {isa = PBXBuildFile; fileRef = 8BD0FBB021328FEC00F50734 /* ProgressHUD.m */; };
		8BD0FBB421328FEC00F50734 /* ProgressHUD.bundle in Resources */ = {isa = PBXBuildFile; fileRef = 8BD0FBB121328FEC00F50734 /* ProgressHUD.bundle */; };
		8BEC27B6213F1BC100A85833 /* PhotoViewController.swift in Sources */ = {isa = PBXBuildFile; fileRef = 8BEC27B5213F1BC100A85833 /* PhotoViewController.swift */; };
		8BF6D7452242CC17003B8ABE /* Assets.xcassets in Resources */ = {isa = PBXBuildFile; fileRef = 8BF6D7442242CC17003B8ABE /* Assets.xcassets */; };
/* End PBXBuildFile section */

/* Begin PBXFileReference section */
		8B0DBB4C212DD24E00D95D2B /* Question.swift */ = {isa = PBXFileReference; lastKnownFileType = sourcecode.swift; path = Question.swift; sourceTree = "<group>"; };
		8B0DBB4E212DD77800D95D2B /* QuestionBank.swift */ = {isa = PBXFileReference; lastKnownFileType = sourcecode.swift; path = QuestionBank.swift; sourceTree = "<group>"; };
		8B0DBB50212DD79000D95D2B /* Default-568h@2x.png */ = {isa = PBXFileReference; lastKnownFileType = image.png; path = "Default-568h@2x.png"; sourceTree = "<group>"; };
		8B153B952138771000A2D736 /* ChooseViewController.swift */ = {isa = PBXFileReference; lastKnownFileType = sourcecode.swift; path = ChooseViewController.swift; sourceTree = "<group>"; };
		8B2BAD022129A7F70050AF17 /* Bus Quizzes.app */ = {isa = PBXFileReference; explicitFileType = wrapper.application; includeInIndex = 0; path = "Bus Quizzes.app"; sourceTree = BUILT_PRODUCTS_DIR; };
		8B2BAD052129A7F70050AF17 /* AppDelegate.swift */ = {isa = PBXFileReference; lastKnownFileType = sourcecode.swift; path = AppDelegate.swift; sourceTree = "<group>"; };
		8B2BAD072129A7F70050AF17 /* ViewController.swift */ = {isa = PBXFileReference; lastKnownFileType = sourcecode.swift; path = ViewController.swift; sourceTree = "<group>"; };
		8B2BAD0A2129A7F70050AF17 /* Base */ = {isa = PBXFileReference; lastKnownFileType = file.storyboard; name = Base; path = Base.lproj/Main.storyboard; sourceTree = "<group>"; };
		8B2BAD0F2129A7F80050AF17 /* Base */ = {isa = PBXFileReference; lastKnownFileType = file.storyboard; name = Base; path = Base.lproj/LaunchScreen.storyboard; sourceTree = "<group>"; };
		8B2BAD112129A7F80050AF17 /* Info.plist */ = {isa = PBXFileReference; lastKnownFileType = text.plist.xml; path = Info.plist; sourceTree = "<group>"; };
		8B4B7140213D475B00EA79E3 /* ReviewViewController.swift */ = {isa = PBXFileReference; lastKnownFileType = sourcecode.swift; path = ReviewViewController.swift; sourceTree = "<group>"; };
		8BA0B1B1225CC81F002681EC /* Correct.mp3 */ = {isa = PBXFileReference; lastKnownFileType = audio.mp3; path = Correct.mp3; sourceTree = "<group>"; };
		8BA0B1B2225CC81F002681EC /* Incorrect.mp3 */ = {isa = PBXFileReference; lastKnownFileType = audio.mp3; path = Incorrect.mp3; sourceTree = "<group>"; };
		8BC382C6212E906D00E07B14 /* Answer.swift */ = {isa = PBXFileReference; lastKnownFileType = sourcecode.swift; path = Answer.swift; sourceTree = "<group>"; };
		8BC382C8212E921E00E07B14 /* AnswerBank.swift */ = {isa = PBXFileReference; lastKnownFileType = sourcecode.swift; path = AnswerBank.swift; sourceTree = "<group>"; };
		8BD0FBAF21328FEB00F50734 /* Bus Quizzes-Bridging-Header.h */ = {isa = PBXFileReference; lastKnownFileType = sourcecode.c.h; path = "Bus Quizzes-Bridging-Header.h"; sourceTree = "<group>"; };
		8BD0FBB021328FEC00F50734 /* ProgressHUD.m */ = {isa = PBXFileReference; fileEncoding = 4; lastKnownFileType = sourcecode.c.objc; path = ProgressHUD.m; sourceTree = "<group>"; };
		8BD0FBB121328FEC00F50734 /* ProgressHUD.bundle */ = {isa = PBXFileReference; lastKnownFileType = "wrapper.plug-in"; path = ProgressHUD.bundle; sourceTree = "<group>"; };
		8BD0FBB221328FEC00F50734 /* ProgressHUD.h */ = {isa = PBXFileReference; fileEncoding = 4; lastKnownFileType = sourcecode.c.h; path = ProgressHUD.h; sourceTree = "<group>"; };
		8BEC27B5213F1BC100A85833 /* PhotoViewController.swift */ = {isa = PBXFileReference; lastKnownFileType = sourcecode.swift; path = PhotoViewController.swift; sourceTree = "<group>"; };
		8BF6D7442242CC17003B8ABE /* Assets.xcassets */ = {isa = PBXFileReference; lastKnownFileType = folder.assetcatalog; path = Assets.xcassets; sourceTree = "<group>"; };
/* End PBXFileReference section */

/* Begin PBXFrameworksBuildPhase section */
		8B2BACFF2129A7F70050AF17 /* Frameworks */ = {
			isa = PBXFrameworksBuildPhase;
			buildActionMask = 2147483647;
			files = (
			);
			runOnlyForDeploymentPostprocessing = 0;
		};
/* End PBXFrameworksBuildPhase section */

/* Begin PBXGroup section */
		8B0DBB48212DD07F00D95D2B /* Model */ = {
			isa = PBXGroup;
			children = (
				8B0DBB4C212DD24E00D95D2B /* Question.swift */,
				8B0DBB4E212DD77800D95D2B /* QuestionBank.swift */,
				8BC382C6212E906D00E07B14 /* Answer.swift */,
				8BC382C8212E921E00E07B14 /* AnswerBank.swift */,
			);
			path = Model;
			sourceTree = "<group>";
		};
		8B0DBB49212DD0AE00D95D2B /* View */ = {
			isa = PBXGroup;
			children = (
				8B2BAD0E2129A7F80050AF17 /* LaunchScreen.storyboard */,
				8B2BAD092129A7F70050AF17 /* Main.storyboard */,
				8BF6D7442242CC17003B8ABE /* Assets.xcassets */,
			);
			path = View;
			sourceTree = "<group>";
		};
		8B0DBB4B212DD14E00D95D2B /* Controllers */ = {
			isa = PBXGroup;
			children = (
				8B2BAD052129A7F70050AF17 /* AppDelegate.swift */,
				8B153B952138771000A2D736 /* ChooseViewController.swift */,
				8B2BAD072129A7F70050AF17 /* ViewController.swift */,
				8B4B7140213D475B00EA79E3 /* ReviewViewController.swift */,
				8BEC27B5213F1BC100A85833 /* PhotoViewController.swift */,
			);
			path = Controllers;
			sourceTree = "<group>";
		};
		8B2BACF92129A7F70050AF17 = {
			isa = PBXGroup;
			children = (
				8B0DBB50212DD79000D95D2B /* Default-568h@2x.png */,
				8B2BAD042129A7F70050AF17 /* Bus Quizzes */,
				8B2BAD032129A7F70050AF17 /* Products */,
			);
			sourceTree = "<group>";
		};
		8B2BAD032129A7F70050AF17 /* Products */ = {
			isa = PBXGroup;
			children = (
				8B2BAD022129A7F70050AF17 /* Bus Quizzes.app */,
			);
			name = Products;
			sourceTree = "<group>";
		};
		8B2BAD042129A7F70050AF17 /* Bus Quizzes */ = {
			isa = PBXGroup;
			children = (
				8B2BAD112129A7F80050AF17 /* Info.plist */,
				8B0DBB48212DD07F00D95D2B /* Model */,
				8B0DBB4B212DD14E00D95D2B /* Controllers */,
				8B0DBB49212DD0AE00D95D2B /* View */,
				8BC16833226333F400673F92 /* Supporting Files */,
				8BA0B1B7225CD295002681EC /* Sounds */,
			);
			path = "Bus Quizzes";
			sourceTree = "<group>";
		};
		8BA0B1B7225CD295002681EC /* Sounds */ = {
			isa = PBXGroup;
			children = (
				8BA0B1B1225CC81F002681EC /* Correct.mp3 */,
				8BA0B1B2225CC81F002681EC /* Incorrect.mp3 */,
			);
			name = Sounds;
			sourceTree = "<group>";
		};
		8BC16833226333F400673F92 /* Supporting Files */ = {
			isa = PBXGroup;
			children = (
				8BD0FBB121328FEC00F50734 /* ProgressHUD.bundle */,
				8BD0FBB221328FEC00F50734 /* ProgressHUD.h */,
				8BD0FBB021328FEC00F50734 /* ProgressHUD.m */,
				8BD0FBAF21328FEB00F50734 /* Bus Quizzes-Bridging-Header.h */,
			);
			path = "Supporting Files";
			sourceTree = "<group>";
		};
/* End PBXGroup section */

/* Begin PBXNativeTarget section */
		8B2BAD012129A7F70050AF17 /* Bus Quizzes */ = {
			isa = PBXNativeTarget;
			buildConfigurationList = 8B2BAD142129A7F80050AF17 /* Build configuration list for PBXNativeTarget "Bus Quizzes" */;
			buildPhases = (
				8B2BACFE2129A7F70050AF17 /* Sources */,
				8B2BACFF2129A7F70050AF17 /* Frameworks */,
				8B2BAD002129A7F70050AF17 /* Resources */,
			);
			buildRules = (
			);
			dependencies = (
			);
			name = "Bus Quizzes";
			productName = "Bus Quizzes";
			productReference = 8B2BAD022129A7F70050AF17 /* Bus Quizzes.app */;
			productType = "com.apple.product-type.application";
		};
/* End PBXNativeTarget section */

/* Begin PBXProject section */
		8B2BACFA2129A7F70050AF17 /* Project object */ = {
			isa = PBXProject;
			attributes = {
				LastSwiftUpdateCheck = 0940;
				LastUpgradeCheck = 0940;
				ORGANIZATIONNAME = "Nigel Gee";
				TargetAttributes = {
					8B2BAD012129A7F70050AF17 = {
						CreatedOnToolsVersion = 9.4.1;
						LastSwiftMigration = 1020;
					};
				};
			};
			buildConfigurationList = 8B2BACFD2129A7F70050AF17 /* Build configuration list for PBXProject "Bus Quizzes" */;
			compatibilityVersion = "Xcode 9.3";
			developmentRegion = en;
			hasScannedForEncodings = 0;
			knownRegions = (
				en,
				Base,
			);
			mainGroup = 8B2BACF92129A7F70050AF17;
			productRefGroup = 8B2BAD032129A7F70050AF17 /* Products */;
			projectDirPath = "";
			projectRoot = "";
			targets = (
				8B2BAD012129A7F70050AF17 /* Bus Quizzes */,
			);
		};
/* End PBXProject section */

/* Begin PBXResourcesBuildPhase section */
		8B2BAD002129A7F70050AF17 /* Resources */ = {
			isa = PBXResourcesBuildPhase;
			buildActionMask = 2147483647;
			files = (
				8B2BAD102129A7F80050AF17 /* LaunchScreen.storyboard in Resources */,
				8BA0B1B3225CC81F002681EC /* Correct.mp3 in Resources */,
				8B0DBB51212DD79000D95D2B /* Default-568h@2x.png in Resources */,
				8BD0FBB421328FEC00F50734 /* ProgressHUD.bundle in Resources */,
				8B2BAD0B2129A7F70050AF17 /* Main.storyboard in Resources */,
				8BA0B1B4225CC81F002681EC /* Incorrect.mp3 in Resources */,
				8BF6D7452242CC17003B8ABE /* Assets.xcassets in Resources */,
			);
			runOnlyForDeploymentPostprocessing = 0;
		};
/* End PBXResourcesBuildPhase section */

/* Begin PBXSourcesBuildPhase section */
		8B2BACFE2129A7F70050AF17 /* Sources */ = {
			isa = PBXSourcesBuildPhase;
			buildActionMask = 2147483647;
			files = (
				8B0DBB4D212DD24E00D95D2B /* Question.swift in Sources */,
				8B0DBB4F212DD77800D95D2B /* QuestionBank.swift in Sources */,
				8BC382C7212E906D00E07B14 /* Answer.swift in Sources */,
				8BD0FBB321328FEC00F50734 /* ProgressHUD.m in Sources */,
				8B2BAD082129A7F70050AF17 /* ViewController.swift in Sources */,
				8B153B962138771000A2D736 /* ChooseViewController.swift in Sources */,
				8B2BAD062129A7F70050AF17 /* AppDelegate.swift in Sources */,
				8BC382C9212E921E00E07B14 /* AnswerBank.swift in Sources */,
				8B4B7141213D475B00EA79E3 /* ReviewViewController.swift in Sources */,
				8BEC27B6213F1BC100A85833 /* PhotoViewController.swift in Sources */,
			);
			runOnlyForDeploymentPostprocessing = 0;
		};
/* End PBXSourcesBuildPhase section */

/* Begin PBXVariantGroup section */
		8B2BAD092129A7F70050AF17 /* Main.storyboard */ = {
			isa = PBXVariantGroup;
			children = (
				8B2BAD0A2129A7F70050AF17 /* Base */,
			);
			name = Main.storyboard;
			sourceTree = "<group>";
		};
		8B2BAD0E2129A7F80050AF17 /* LaunchScreen.storyboard */ = {
			isa = PBXVariantGroup;
			children = (
				8B2BAD0F2129A7F80050AF17 /* Base */,
			);
			name = LaunchScreen.storyboard;
			sourceTree = "<group>";
		};
/* End PBXVariantGroup section */

/* Begin XCBuildConfiguration section */
		8B2BAD122129A7F80050AF17 /* Debug */ = {
			isa = XCBuildConfiguration;
			buildSettings = {
				ALWAYS_SEARCH_USER_PATHS = NO;
				CLANG_ANALYZER_NONNULL = YES;
				CLANG_ANALYZER_NUMBER_OBJECT_CONVERSION = YES_AGGRESSIVE;
				CLANG_CXX_LANGUAGE_STANDARD = "gnu++14";
				CLANG_CXX_LIBRARY = "libc++";
				CLANG_ENABLE_MODULES = YES;
				CLANG_ENABLE_OBJC_ARC = YES;
				CLANG_ENABLE_OBJC_WEAK = YES;
				CLANG_WARN_BLOCK_CAPTURE_AUTORELEASING = YES;
				CLANG_WARN_BOOL_CONVERSION = YES;
				CLANG_WARN_COMMA = YES;
				CLANG_WARN_CONSTANT_CONVERSION = YES;
				CLANG_WARN_DEPRECATED_OBJC_IMPLEMENTATIONS = YES;
				CLANG_WARN_DIRECT_OBJC_ISA_USAGE = YES_ERROR;
				CLANG_WARN_DOCUMENTATION_COMMENTS = YES;
				CLANG_WARN_EMPTY_BODY = YES;
				CLANG_WARN_ENUM_CONVERSION = YES;
				CLANG_WARN_INFINITE_RECURSION = YES;
				CLANG_WARN_INT_CONVERSION = YES;
				CLANG_WARN_NON_LITERAL_NULL_CONVERSION = YES;
				CLANG_WARN_OBJC_IMPLICIT_RETAIN_SELF = YES;
				CLANG_WARN_OBJC_LITERAL_CONVERSION = YES;
				CLANG_WARN_OBJC_ROOT_CLASS = YES_ERROR;
				CLANG_WARN_RANGE_LOOP_ANALYSIS = YES;
				CLANG_WARN_STRICT_PROTOTYPES = YES;
				CLANG_WARN_SUSPICIOUS_MOVE = YES;
				CLANG_WARN_UNGUARDED_AVAILABILITY = YES_AGGRESSIVE;
				CLANG_WARN_UNREACHABLE_CODE = YES;
				CLANG_WARN__DUPLICATE_METHOD_MATCH = YES;
				CODE_SIGN_IDENTITY = "iPhone Developer";
				COPY_PHASE_STRIP = NO;
				DEBUG_INFORMATION_FORMAT = dwarf;
				ENABLE_STRICT_OBJC_MSGSEND = YES;
				ENABLE_TESTABILITY = YES;
				GCC_C_LANGUAGE_STANDARD = gnu11;
				GCC_DYNAMIC_NO_PIC = NO;
				GCC_NO_COMMON_BLOCKS = YES;
				GCC_OPTIMIZATION_LEVEL = 0;
				GCC_PREPROCESSOR_DEFINITIONS = (
					"DEBUG=1",
					"$(inherited)",
				);
				GCC_WARN_64_TO_32_BIT_CONVERSION = YES;
				GCC_WARN_ABOUT_RETURN_TYPE = YES_ERROR;
				GCC_WARN_UNDECLARED_SELECTOR = YES;
				GCC_WARN_UNINITIALIZED_AUTOS = YES_AGGRESSIVE;
				GCC_WARN_UNUSED_FUNCTION = YES;
				GCC_WARN_UNUSED_VARIABLE = YES;
				IPHONEOS_DEPLOYMENT_TARGET = 11.4;
				MTL_ENABLE_DEBUG_INFO = YES;
				ONLY_ACTIVE_ARCH = YES;
				SDKROOT = iphoneos;
				SWIFT_ACTIVE_COMPILATION_CONDITIONS = DEBUG;
				SWIFT_OPTIMIZATION_LEVEL = "-Onone";
			};
			name = Debug;
		};
		8B2BAD132129A7F80050AF17 /* Release */ = {
			isa = XCBuildConfiguration;
			buildSettings = {
				ALWAYS_SEARCH_USER_PATHS = NO;
				CLANG_ANALYZER_NONNULL = YES;
				CLANG_ANALYZER_NUMBER_OBJECT_CONVERSION = YES_AGGRESSIVE;
				CLANG_CXX_LANGUAGE_STANDARD = "gnu++14";
				CLANG_CXX_LIBRARY = "libc++";
				CLANG_ENABLE_MODULES = YES;
				CLANG_ENABLE_OBJC_ARC = YES;
				CLANG_ENABLE_OBJC_WEAK = YES;
				CLANG_WARN_BLOCK_CAPTURE_AUTORELEASING = YES;
				CLANG_WARN_BOOL_CONVERSION = YES;
				CLANG_WARN_COMMA = YES;
				CLANG_WARN_CONSTANT_CONVERSION = YES;
				CLANG_WARN_DEPRECATED_OBJC_IMPLEMENTATIONS = YES;
				CLANG_WARN_DIRECT_OBJC_ISA_USAGE = YES_ERROR;
				CLANG_WARN_DOCUMENTATION_COMMENTS = YES;
				CLANG_WARN_EMPTY_BODY = YES;
				CLANG_WARN_ENUM_CONVERSION = YES;
				CLANG_WARN_INFINITE_RECURSION = YES;
				CLANG_WARN_INT_CONVERSION = YES;
				CLANG_WARN_NON_LITERAL_NULL_CONVERSION = YES;
				CLANG_WARN_OBJC_IMPLICIT_RETAIN_SELF = YES;
				CLANG_WARN_OBJC_LITERAL_CONVERSION = YES;
				CLANG_WARN_OBJC_ROOT_CLASS = YES_ERROR;
				CLANG_WARN_RANGE_LOOP_ANALYSIS = YES;
				CLANG_WARN_STRICT_PROTOTYPES = YES;
				CLANG_WARN_SUSPICIOUS_MOVE = YES;
				CLANG_WARN_UNGUARDED_AVAILABILITY = YES_AGGRESSIVE;
				CLANG_WARN_UNREACHABLE_CODE = YES;
				CLANG_WARN__DUPLICATE_METHOD_MATCH = YES;
				CODE_SIGN_IDENTITY = "iPhone Developer";
				COPY_PHASE_STRIP = NO;
				DEBUG_INFORMATION_FORMAT = "dwarf-with-dsym";
				ENABLE_NS_ASSERTIONS = NO;
				ENABLE_STRICT_OBJC_MSGSEND = YES;
				GCC_C_LANGUAGE_STANDARD = gnu11;
				GCC_NO_COMMON_BLOCKS = YES;
				GCC_WARN_64_TO_32_BIT_CONVERSION = YES;
				GCC_WARN_ABOUT_RETURN_TYPE = YES_ERROR;
				GCC_WARN_UNDECLARED_SELECTOR = YES;
				GCC_WARN_UNINITIALIZED_AUTOS = YES_AGGRESSIVE;
				GCC_WARN_UNUSED_FUNCTION = YES;
				GCC_WARN_UNUSED_VARIABLE = YES;
				IPHONEOS_DEPLOYMENT_TARGET = 11.4;
				MTL_ENABLE_DEBUG_INFO = NO;
				SDKROOT = iphoneos;
				SWIFT_COMPILATION_MODE = wholemodule;
				SWIFT_OPTIMIZATION_LEVEL = "-O";
				VALIDATE_PRODUCT = YES;
			};
			name = Release;
		};
		8B2BAD152129A7F80050AF17 /* Debug */ = {
			isa = XCBuildConfiguration;
			buildSettings = {
				ASSETCATALOG_COMPILER_APPICON_NAME = AppIcon321;
				CLANG_ENABLE_MODULES = YES;
				CODE_SIGN_STYLE = Automatic;
				DEVELOPMENT_TEAM = 5SYZQ266RF;
				INFOPLIST_FILE = "Bus Quizzes/Info.plist";
				LD_RUNPATH_SEARCH_PATHS = (
					"$(inherited)",
					"@executable_path/Frameworks",
				);
				PRODUCT_BUNDLE_IDENTIFIER = "com.NigelGee.Bus-Quizzes";
				PRODUCT_NAME = "$(TARGET_NAME)";
				SWIFT_OBJC_BRIDGING_HEADER = "Bus Quizzes/Supporting Files/Bus Quizzes-Bridging-Header.h";
				SWIFT_OPTIMIZATION_LEVEL = "-Onone";
				SWIFT_VERSION = 5.0;
				TARGETED_DEVICE_FAMILY = "1,2";
			};
			name = Debug;
		};
		8B2BAD162129A7F80050AF17 /* Release */ = {
			isa = XCBuildConfiguration;
			buildSettings = {
				ASSETCATALOG_COMPILER_APPICON_NAME = AppIcon321;
				CLANG_ENABLE_MODULES = YES;
				CODE_SIGN_STYLE = Automatic;
				DEVELOPMENT_TEAM = 5SYZQ266RF;
				INFOPLIST_FILE = "Bus Quizzes/Info.plist";
				LD_RUNPATH_SEARCH_PATHS = (
					"$(inherited)",
					"@executable_path/Frameworks",
				);
				PRODUCT_BUNDLE_IDENTIFIER = "com.NigelGee.Bus-Quizzes";
				PRODUCT_NAME = "$(TARGET_NAME)";
				SWIFT_OBJC_BRIDGING_HEADER = "Bus Quizzes/Supporting Files/Bus Quizzes-Bridging-Header.h";
				SWIFT_VERSION = 5.0;
				TARGETED_DEVICE_FAMILY = "1,2";
			};
			name = Release;
		};
/* End XCBuildConfiguration section */

/* Begin XCConfigurationList section */
		8B2BACFD2129A7F70050AF17 /* Build configuration list for PBXProject "Bus Quizzes" */ = {
			isa = XCConfigurationList;
			buildConfigurations = (
				8B2BAD122129A7F80050AF17 /* Debug */,
				8B2BAD132129A7F80050AF17 /* Release */,
			);
			defaultConfigurationIsVisible = 0;
			defaultConfigurationName = Release;
		};
		8B2BAD142129A7F80050AF17 /* Build configuration list for PBXNativeTarget "Bus Quizzes" */ = {
			isa = XCConfigurationList;
			buildConfigurations = (
				8B2BAD152129A7F80050AF17 /* Debug */,
				8B2BAD162129A7F80050AF17 /* Release */,
			);
			defaultConfigurationIsVisible = 0;
			defaultConfigurationName = Release;
		};
/* End XCConfigurationList section */
	};
	rootObject = 8B2BACFA2129A7F70050AF17 /* Project object */;
}
